{
  "name": "@kungfu-tech/paper-kungfu-product-white-paper",
  "version": "0.1.0-alpha.9",
  "lockfileVersion": 3,
  "requires": true,
  "packages": {
    "": {
      "name": "@kungfu-tech/paper-kungfu-product-white-paper",
      "version": "0.1.0-alpha.9",
      "license": "Apache-2.0",
      "devDependencies": {
        "@kungfu-tech/buildchain": "^2.11.9"
      }
    },
    "node_modules/@kungfu-tech/buildchain": {
      "version": "2.11.9",
      "resolved": "https://registry.npmjs.org/@kungfu-tech/buildchain/-/buildchain-2.11.9.tgz",
      "integrity": "sha512-NayGg4Z7Yju+CL5nvJDw6gEwNEB01Vm9RVhyauB/l4hO62pd6EEaJcGlK3sDNkjbiLycSp+fqlpMXv7j+4rVBQ==",
      "dev": true,
      "license": "Apache-2.0",
      "dependencies": {
        "@kungfu-tech/kfd": "1.0.0-alpha.21",
        "smol-toml": "1.7.0"
      },
      "bin": {
        "buildchain": "bin/buildchain.mjs"
      },
      "engines": {
        "node": ">=22.14.0"
      }
    },
    "node_modules/@kungfu-tech/kfd": {
      "version": "1.0.0-alpha.21",
      "resolved": "https://registry.npmjs.org/@kungfu-tech/kfd/-/kfd-1.0.0-alpha.21.tgz",
      "integrity": "sha512-lsr3aJ93pUaO9gxnGBsrTJkTkvpIHPHp9Rxug7WvdS4Zkte3AdFvyCl1DgwQN+/38FAXf8fBozyGkHxxXaN7Dg==",
      "dev": true,
      "license": "Apache-2.0"
    },
    "node_modules/smol-toml": {
      "version": "1.7.0",
      "resolved": "https://registry.npmjs.org/smol-toml/-/smol-toml-1.7.0.tgz",
      "integrity": "sha512-aqVvWoyO21L23mb+drl4RmMXbf6N7FdHjAhTRA9ZBL7apWBgfWC16KjrASI+1p9GAroljyMHj6fK67i0UiTNvQ==",
      "dev": true,
      "license": "BSD-3-Clause",
      "engines": {
        "node": ">= 18"
      },
      "funding": {
        "url": "https://github.com/sponsors/cyyynthia"
      }
    }
  }
}
