{
  "name": "@kungfu-tech/paper-kungfu-product-white-paper",
  "version": "0.1.0-alpha.14",
  "lockfileVersion": 3,
  "requires": true,
  "packages": {
    "": {
      "name": "@kungfu-tech/paper-kungfu-product-white-paper",
      "version": "0.1.0-alpha.14",
      "license": "Apache-2.0",
      "devDependencies": {
        "@kungfu-tech/buildchain": "4.0.2-alpha.43"
      }
    },
    "node_modules/@kungfu-tech/buildchain": {
      "version": "4.0.2-alpha.43",
      "resolved": "https://registry.npmjs.org/@kungfu-tech/buildchain/-/buildchain-4.0.2-alpha.43.tgz",
      "integrity": "sha512-FM9bkfIvWUuQ1lX/FPnTdQ8lqPQhcFub0rP2k/2lV8z6W2pqvC+tTNWX/LtqEkKSAJHa+t7fAoILfalBEqTSOQ==",
      "dev": true,
      "license": "Apache-2.0",
      "dependencies": {
        "@kungfu-tech/kfd": "1.0.0-alpha.62",
        "smol-toml": "1.7.0"
      },
      "bin": {
        "buildchain": "bin/buildchain.mjs"
      },
      "engines": {
        "node": ">=22.14.0"
      }
    },
    "node_modules/@kungfu-tech/kfd": {
      "version": "1.0.0-alpha.62",
      "resolved": "https://registry.npmjs.org/@kungfu-tech/kfd/-/kfd-1.0.0-alpha.62.tgz",
      "integrity": "sha512-x5MgFZzphfOo3BiWH8zdyw0JcGGTxVZ5x/0Vzyv0xKOh4RvwVzdGW4kRffIgVQ6bWXCeZFkgz9d1iSlfcHcfMw==",
      "dev": true,
      "license": "Apache-2.0",
      "bin": {
        "kfd": "bin/kfd.mjs"
      }
    },
    "node_modules/smol-toml": {
      "version": "1.7.0",
      "resolved": "https://registry.npmjs.org/smol-toml/-/smol-toml-1.7.0.tgz",
      "integrity": "sha512-aqVvWoyO21L23mb+drl4RmMXbf6N7FdHjAhTRA9ZBL7apWBgfWC16KjrASI+1p9GAroljyMHj6fK67i0UiTNvQ==",
      "dev": true,
      "license": "BSD-3-Clause",
      "engines": {
        "node": ">= 18"
      },
      "funding": {
        "url": "https://github.com/sponsors/cyyynthia"
      }
    }
  }
}
