{
  "name": "@kungfu-tech/paper-kungfu-product-white-paper",
  "version": "0.1.0-alpha.12",
  "lockfileVersion": 3,
  "requires": true,
  "packages": {
    "": {
      "name": "@kungfu-tech/paper-kungfu-product-white-paper",
      "version": "0.1.0-alpha.12",
      "license": "Apache-2.0",
      "devDependencies": {
        "@kungfu-tech/buildchain": "^3.0.0"
      }
    },
    "node_modules/@kungfu-tech/buildchain": {
      "version": "3.0.0",
      "resolved": "https://registry.npmjs.org/@kungfu-tech/buildchain/-/buildchain-3.0.0.tgz",
      "integrity": "sha512-M6zDPk3Ri/P+CwVKesORVqr18K9yaofhL0n5utY2F1oaG2OR8HOo0xTdzb3VzcLtdDJoN3QnK/11Ttpd5g8CWQ==",
      "dev": true,
      "license": "Apache-2.0",
      "dependencies": {
        "@kungfu-tech/kfd": "1.0.0-alpha.41",
        "smol-toml": "1.7.0"
      },
      "bin": {
        "buildchain": "bin/buildchain.mjs"
      },
      "engines": {
        "node": ">=22.14.0"
      }
    },
    "node_modules/@kungfu-tech/kfd": {
      "version": "1.0.0-alpha.41",
      "resolved": "https://registry.npmjs.org/@kungfu-tech/kfd/-/kfd-1.0.0-alpha.41.tgz",
      "integrity": "sha512-e+iIuvsijDLSFotb3gPKqwn649lLGRX3xEWOwn7xfBeu8L8kvw5RPRznJ4xKVM+NYCrfYCRVmUzpJI58k97C+Q==",
      "dev": true,
      "license": "Apache-2.0",
      "bin": {
        "kfd": "bin/kfd.mjs"
      }
    },
    "node_modules/smol-toml": {
      "version": "1.7.0",
      "resolved": "https://registry.npmjs.org/smol-toml/-/smol-toml-1.7.0.tgz",
      "integrity": "sha512-aqVvWoyO21L23mb+drl4RmMXbf6N7FdHjAhTRA9ZBL7apWBgfWC16KjrASI+1p9GAroljyMHj6fK67i0UiTNvQ==",
      "dev": true,
      "license": "BSD-3-Clause",
      "engines": {
        "node": ">= 18"
      },
      "funding": {
        "url": "https://github.com/sponsors/cyyynthia"
      }
    }
  }
}
